<?xml version="1.0" encoding="utf-8"?>
<Project ToolsVersion="4.0" xmlns="http://schemas.microsoft.com/developer/msbuild/2003">
  <ItemGroup>
    <Filter Include="include">
      <UniqueIdentifier>{d4dd7233-c648-4449-9e74-ea8a9089e379}</UniqueIdentifier>
    </Filter>
    <Filter Include="source">
      <UniqueIdentifier>{8d0d7d1b-0650-4012-9ca6-7ce66ff46b58}</UniqueIdentifier>
    </Filter>
    <Filter Include="resources">
      <UniqueIdentifier>{71b44ac5-1049-498f-9e14-55143ba96196}</UniqueIdentifier>
    </Filter>
  </ItemGroup>
  <ItemGroup>
    <ClInclude Include="src\bgwidgets.h">
      <Filter>include</Filter>
    </ClInclude>
    <ClInclude Include="src\RadiusRect.h">
      <Filter>include</Filter>
    </ClInclude>
  </ItemGroup>
  <ItemGroup>
    <ClCompile Include="src\bgwidgets.cpp">
      <Filter>source</Filter>
    </ClCompile>
    <ClCompile Include="src\RadiusRect.cpp">
      <Filter>source</Filter>
    </ClCompile>
  </ItemGroup>
  <ItemGroup>
    <None Include="bgwidgets.DEF">
      <Filter>resources</Filter>
    </None>
  </ItemGroup>
  <ItemGroup>
    <Image Include="english.lproj\bgwidgets.bmp">
      <Filter>resources</Filter>
    </Image>
  </ItemGroup>
  <ItemGroup>
    <ResourceCompile Include="english.lproj\bgwidgets.rc">
      <Filter>resources</Filter>
    </ResourceCompile>
  </ItemGroup>
</Project>