// !$*UTF8*$!
{
	archiveVersion = 1;
	classes = {
	};
	objectVersion = 42;
	objects = {

/* Begin PBXAggregateTarget section */
		96D355F20908DD62006B6436 /* ReleaseBuild */ = {
			isa = PBXAggregateTarget;
			buildConfigurationList = 96D355F30908DD80006B6436 /* Build configuration list for PBXAggregateTarget "ReleaseBuild" */;
			buildPhases = (
			);
			dependencies = (
				9658838409BC64BB0063770F /* PBXTargetDependency */,
			);
			name = ReleaseBuild;
			productName = ReleaseBuild;
		};
/* End PBXAggregateTarget section */

/* Begin PBXBuildFile section */
		96CA4E550907E8CC00C234AA /* InfoPlist.strings in Resources */ = {isa = PBXBuildFile; fileRef = 089C167DFE841241C02AAC07 /* InfoPlist.strings */; };
		96CA4E5A0907E8CC00C234AA /* Carbon.framework in Frameworks */ = {isa = PBXBuildFile; fileRef = 08EA7FFBFE8413EDC02AAC07 /* Carbon.framework */; };
		96CA4E660907EB0700C234AA /* u_complib.framework in Frameworks */ = {isa = PBXBuildFile; fileRef = 96CA4E650907EB0700C234AA /* u_complib.framework */; };
		ACAB36981D79252000456217 /* donut.cpp in Sources */ = {isa = PBXBuildFile; fileRef = ACAB36971D79252000456217 /* donut.cpp */; };
		ACAB369B1D79310E00456217 /* donut.bmp in Resources */ = {isa = PBXBuildFile; fileRef = ACAB36991D79310E00456217 /* donut.bmp */; };
		ACAB369D1D7932DC00456217 /* bgwidgets.rc in Resources */ = {isa = PBXBuildFile; fileRef = ACE1947C1D6C019300AD049F /* bgwidgets.rc */; };
		ACE1947A1D6C017900AD049F /* bgwidgets.cpp in Sources */ = {isa = PBXBuildFile; fileRef = ACE194781D6C017900AD049F /* bgwidgets.cpp */; };
		ACE1947B1D6C017900AD049F /* RadiusRect.cpp in Sources */ = {isa = PBXBuildFile; fileRef = ACE194791D6C017900AD049F /* RadiusRect.cpp */; };
		ACE194801D6C019300AD049F /* radiusrect.bmp in Resources */ = {isa = PBXBuildFile; fileRef = ACE1947E1D6C019300AD049F /* radiusrect.bmp */; };
/* End PBXBuildFile section */

/* Begin PBXBuildRule section */
		96CA4E5C0907E8CC00C234AA /* PBXBuildRule */ = {
			isa = PBXBuildRule;
			compilerSpec = com.apple.compilers.proxy.script;
			filePatterns = "*.rc";
			fileType = pattern.proxy;
			isEditable = 1;
			outputFiles = (
				"$(TEMP_FILE_DIR)/omnisrc/Localizable.strings",
			);
			script = "/Developer/Tools/omnisrc.app/Contents/MacOS/omnisrc INPUT_FILE_PATH TEMP_FILE_DIR REZ_SEARCH_PATHS XCOMP\ncp $TEMP_FILE_DIR/omnisrc/xcomp.rsrc $INSTALL_DIR/$CONTENTS_FOLDER_PATH/Resources";
		};
/* End PBXBuildRule section */

/* Begin PBXContainerItemProxy section */
		9658838309BC64BB0063770F /* PBXContainerItemProxy */ = {
			isa = PBXContainerItemProxy;
			containerPortal = 089C1669FE841209C02AAC07 /* Project object */;
			proxyType = 1;
			remoteGlobalIDString = 96CA4E530907E8CC00C234AA;
			remoteInfo = UnicodeCore;
		};
/* End PBXContainerItemProxy section */

/* Begin PBXFileReference section */
		08EA7FFBFE8413EDC02AAC07 /* Carbon.framework */ = {isa = PBXFileReference; lastKnownFileType = wrapper.framework; name = Carbon.framework; path = /System/Library/Frameworks/Carbon.framework; sourceTree = "<absolute>"; };
		96CA4E610907E8CC00C234AA /* bgwidgets.u_xcomp */ = {isa = PBXFileReference; explicitFileType = wrapper.cfbundle; includeInIndex = 0; path = bgwidgets.u_xcomp; sourceTree = BUILT_PRODUCTS_DIR; };
		96CA4E650907EB0700C234AA /* u_complib.framework */ = {isa = PBXFileReference; lastKnownFileType = wrapper.framework; name = u_complib.framework; path = ../complib/u_complib.framework; sourceTree = SOURCE_ROOT; };
		ACAB36961D79250700456217 /* donut.h */ = {isa = PBXFileReference; fileEncoding = 4; lastKnownFileType = sourcecode.c.h; name = donut.h; path = bgwidgets.xcodeproj/../src/donut.h; sourceTree = "<group>"; };
		ACAB36971D79252000456217 /* donut.cpp */ = {isa = PBXFileReference; fileEncoding = 4; lastKnownFileType = sourcecode.cpp.cpp; name = donut.cpp; path = bgwidgets.xcodeproj/../src/donut.cpp; sourceTree = "<group>"; };
		ACAB36A21D7933CB00456217 /* english */ = {isa = PBXFileReference; lastKnownFileType = text.plist.strings; name = english; path = english.lproj/InfoPlist.strings; sourceTree = "<group>"; };
		ACAB36A31D7933D600456217 /* english */ = {isa = PBXFileReference; lastKnownFileType = image.bmp; name = english; path = english.lproj/radiusrect.bmp; sourceTree = "<group>"; };
		ACAB36A41D7933DC00456217 /* english */ = {isa = PBXFileReference; explicitFileType = text; name = english; path = english.lproj/bgwidgets.rc; sourceTree = "<group>"; };
		ACAB36A51D7933E400456217 /* english */ = {isa = PBXFileReference; lastKnownFileType = image.bmp; name = english; path = english.lproj/donut.bmp; sourceTree = "<group>"; };
		ACE194761D6C014A00AD049F /* bgwidgets.h */ = {isa = PBXFileReference; fileEncoding = 4; lastKnownFileType = sourcecode.c.h; name = bgwidgets.h; path = src/bgwidgets.h; sourceTree = "<group>"; };
		ACE194771D6C014A00AD049F /* RadiusRect.h */ = {isa = PBXFileReference; fileEncoding = 4; lastKnownFileType = sourcecode.c.h; name = RadiusRect.h; path = src/RadiusRect.h; sourceTree = "<group>"; };
		ACE194781D6C017900AD049F /* bgwidgets.cpp */ = {isa = PBXFileReference; fileEncoding = 4; lastKnownFileType = sourcecode.cpp.cpp; name = bgwidgets.cpp; path = src/bgwidgets.cpp; sourceTree = "<group>"; };
		ACE194791D6C017900AD049F /* RadiusRect.cpp */ = {isa = PBXFileReference; fileEncoding = 4; lastKnownFileType = sourcecode.cpp.cpp; name = RadiusRect.cpp; path = src/RadiusRect.cpp; sourceTree = "<group>"; };
/* End PBXFileReference section */

/* Begin PBXFrameworksBuildPhase section */
		96CA4E590907E8CC00C234AA /* Frameworks */ = {
			isa = PBXFrameworksBuildPhase;
			buildActionMask = 2147483647;
			files = (
				96CA4E5A0907E8CC00C234AA /* Carbon.framework in Frameworks */,
				96CA4E660907EB0700C234AA /* u_complib.framework in Frameworks */,
			);
			runOnlyForDeploymentPostprocessing = 0;
		};
/* End PBXFrameworksBuildPhase section */

/* Begin PBXGroup section */
		089C166AFE841209C02AAC07 /* xrandom */ = {
			isa = PBXGroup;
			children = (
				96D631340905093100E0F291 /* Headers */,
				08FB77ADFE841716C02AAC07 /* Source */,
				089C167CFE841241C02AAC07 /* Resources */,
				089C1671FE841209C02AAC07 /* External Frameworks and Libraries */,
				19C28FB4FE9D528D11CA2CBB /* Products */,
			);
			name = xrandom;
			sourceTree = "<group>";
		};
		089C1671FE841209C02AAC07 /* External Frameworks and Libraries */ = {
			isa = PBXGroup;
			children = (
				96CA4E650907EB0700C234AA /* u_complib.framework */,
				08EA7FFBFE8413EDC02AAC07 /* Carbon.framework */,
			);
			name = "External Frameworks and Libraries";
			sourceTree = "<group>";
		};
		089C167CFE841241C02AAC07 /* Resources */ = {
			isa = PBXGroup;
			children = (
				ACAB36991D79310E00456217 /* donut.bmp */,
				ACE1947C1D6C019300AD049F /* bgwidgets.rc */,
				ACE1947E1D6C019300AD049F /* radiusrect.bmp */,
				089C167DFE841241C02AAC07 /* InfoPlist.strings */,
			);
			name = Resources;
			sourceTree = "<group>";
		};
		08FB77ADFE841716C02AAC07 /* Source */ = {
			isa = PBXGroup;
			children = (
				ACAB36971D79252000456217 /* donut.cpp */,
				ACE194781D6C017900AD049F /* bgwidgets.cpp */,
				ACE194791D6C017900AD049F /* RadiusRect.cpp */,
			);
			name = Source;
			sourceTree = "<group>";
		};
		19C28FB4FE9D528D11CA2CBB /* Products */ = {
			isa = PBXGroup;
			children = (
				96CA4E610907E8CC00C234AA /* bgwidgets.u_xcomp */,
			);
			name = Products;
			sourceTree = "<group>";
		};
		96D631340905093100E0F291 /* Headers */ = {
			isa = PBXGroup;
			children = (
				ACE194761D6C014A00AD049F /* bgwidgets.h */,
				ACE194771D6C014A00AD049F /* RadiusRect.h */,
				ACAB36961D79250700456217 /* donut.h */,
			);
			name = Headers;
			sourceTree = "<group>";
		};
/* End PBXGroup section */

/* Begin PBXNativeTarget section */
		96CA4E530907E8CC00C234AA /* UnicodeCore */ = {
			isa = PBXNativeTarget;
			buildConfigurationList = 96CA4E5D0907E8CC00C234AA /* Build configuration list for PBXNativeTarget "UnicodeCore" */;
			buildPhases = (
				96CA4E540907E8CC00C234AA /* Resources */,
				96CA4E570907E8CC00C234AA /* Sources */,
				96CA4E590907E8CC00C234AA /* Frameworks */,
			);
			buildRules = (
				96CA4E5C0907E8CC00C234AA /* PBXBuildRule */,
			);
			dependencies = (
			);
			name = UnicodeCore;
			productInstallPath = "$(HOME)/Library/Bundles";
			productName = xrandom;
			productReference = 96CA4E610907E8CC00C234AA /* bgwidgets.u_xcomp */;
			productType = "com.apple.product-type.bundle";
		};
/* End PBXNativeTarget section */

/* Begin PBXProject section */
		089C1669FE841209C02AAC07 /* Project object */ = {
			isa = PBXProject;
			attributes = {
			};
			buildConfigurationList = 96CF455E08FBABD1003AA3FE /* Build configuration list for PBXProject "bgwidgets" */;
			compatibilityVersion = "Xcode 2.4";
			developmentRegion = English;
			hasScannedForEncodings = 1;
			knownRegions = (
				English,
				Japanese,
				French,
				German,
				english,
				en,
			);
			mainGroup = 089C166AFE841209C02AAC07 /* xrandom */;
			projectDirPath = "";
			projectRoot = "";
			targets = (
				96CA4E530907E8CC00C234AA /* UnicodeCore */,
				96D355F20908DD62006B6436 /* ReleaseBuild */,
			);
		};
/* End PBXProject section */

/* Begin PBXResourcesBuildPhase section */
		96CA4E540907E8CC00C234AA /* Resources */ = {
			isa = PBXResourcesBuildPhase;
			buildActionMask = 2147483647;
			files = (
				ACAB369B1D79310E00456217 /* donut.bmp in Resources */,
				96CA4E550907E8CC00C234AA /* InfoPlist.strings in Resources */,
				ACE194801D6C019300AD049F /* radiusrect.bmp in Resources */,
				ACAB369D1D7932DC00456217 /* bgwidgets.rc in Resources */,
			);
			runOnlyForDeploymentPostprocessing = 0;
		};
/* End PBXResourcesBuildPhase section */

/* Begin PBXSourcesBuildPhase section */
		96CA4E570907E8CC00C234AA /* Sources */ = {
			isa = PBXSourcesBuildPhase;
			buildActionMask = 2147483647;
			files = (
				ACE1947A1D6C017900AD049F /* bgwidgets.cpp in Sources */,
				ACAB36981D79252000456217 /* donut.cpp in Sources */,
				ACE1947B1D6C017900AD049F /* RadiusRect.cpp in Sources */,
			);
			runOnlyForDeploymentPostprocessing = 0;
		};
/* End PBXSourcesBuildPhase section */

/* Begin PBXTargetDependency section */
		9658838409BC64BB0063770F /* PBXTargetDependency */ = {
			isa = PBXTargetDependency;
			target = 96CA4E530907E8CC00C234AA /* UnicodeCore */;
			targetProxy = 9658838309BC64BB0063770F /* PBXContainerItemProxy */;
		};
/* End PBXTargetDependency section */

/* Begin PBXVariantGroup section */
		089C167DFE841241C02AAC07 /* InfoPlist.strings */ = {
			isa = PBXVariantGroup;
			children = (
				ACAB36A21D7933CB00456217 /* english */,
			);
			name = InfoPlist.strings;
			sourceTree = "<group>";
		};
		ACAB36991D79310E00456217 /* donut.bmp */ = {
			isa = PBXVariantGroup;
			children = (
				ACAB36A51D7933E400456217 /* english */,
			);
			name = donut.bmp;
			sourceTree = "<group>";
		};
		ACE1947C1D6C019300AD049F /* bgwidgets.rc */ = {
			isa = PBXVariantGroup;
			children = (
				ACAB36A41D7933DC00456217 /* english */,
			);
			name = bgwidgets.rc;
			sourceTree = "<group>";
		};
		ACE1947E1D6C019300AD049F /* radiusrect.bmp */ = {
			isa = PBXVariantGroup;
			children = (
				ACAB36A31D7933D600456217 /* english */,
			);
			name = radiusrect.bmp;
			sourceTree = "<group>";
		};
/* End PBXVariantGroup section */

/* Begin XCBuildConfiguration section */
		96CA4E5E0907E8CC00C234AA /* Development */ = {
			isa = XCBuildConfiguration;
			buildSettings = {
				BUILD_VARIANTS = normal;
				COPY_PHASE_STRIP = NO;
				DEPLOYMENT_LOCATION = YES;
				FRAMEWORK_SEARCH_PATHS = "$(SRCROOT)/../complib";
				GCC_DYNAMIC_NO_PIC = NO;
				GCC_ENABLE_FIX_AND_CONTINUE = YES;
				GCC_GENERATE_DEBUGGING_SYMBOLS = YES;
				GCC_OPTIMIZATION_LEVEL = 0;
				GCC_PRECOMPILE_PREFIX_HEADER = NO;
				GCC_PREFIX_HEADER = $PROJECT_DIR/../complib/u_complib.framework/Headers/carbnuni.h;
				GENERATE_PKGINFO_FILE = YES;
				HEADER_SEARCH_PATHS = (
					/Developer/Headers/FlatCarbon,
					$PROJECT_DIR/../complib/u_complib.framework/Headers,
				);
				INFOPLIST_FILE = $PROJECT_DIR/Info.plist;
				INIT_ROUTINE = "";
				INSTALL_PATH = "$(PROJECT_DIR)/../_OSXUnicodeDbg";
				LIBRARY_SEARCH_PATHS = "";
				LIBRARY_STYLE = DYNAMIC;
				OTHER_CFLAGS = (
					"-fshort-wchar",
					"-Dismach_o",
					"-DOMNISSDK=6.1",
					"-Wno-comment",
				);
				OTHER_CPLUSPLUSFLAGS = "$(OTHER_CFLAGS)";
				OTHER_LDFLAGS = "";
				PRODUCT_NAME = bgwidgets;
				RESMERGER_SOURCES_FORK = data;
				REZ_SEARCH_PATHS = (
					/Developer/Headers/FlatCarbon,
					$PROJECT_DIR,
					$PROJECT_DIR/English.lproj,
				);
				WRAPPER_EXTENSION = u_xcomp;
				ZERO_LINK = NO;
			};
			name = Development;
		};
		96CA4E5F0907E8CC00C234AA /* Deployment */ = {
			isa = XCBuildConfiguration;
			buildSettings = {
				ARCHS = i386;
				COPY_PHASE_STRIP = YES;
				DEPLOYMENT_LOCATION = YES;
				DSTROOT = /;
				FRAMEWORK_SEARCH_PATHS = "$(SRCROOT)/../complib";
				GCC_ENABLE_FIX_AND_CONTINUE = NO;
				GCC_GENERATE_DEBUGGING_SYMBOLS = NO;
				GCC_PRECOMPILE_PREFIX_HEADER = NO;
				GCC_PREFIX_HEADER = $PROJECT_DIR/../complib/u_complib.framework/Headers/carbnuni.h;
				GENERATE_PKGINFO_FILE = YES;
				HEADER_SEARCH_PATHS = (
					/Developer/Headers/FlatCarbon,
					$PROJECT_DIR/../complib/u_complib.framework/Headers,
				);
				INFOPLIST_FILE = $PROJECT_DIR/Info.plist;
				INSTALL_PATH = "$(PROJECT_DIR)/../_OSXUnicode";
				LIBRARY_SEARCH_PATHS = "";
				LIBRARY_STYLE = DYNAMIC;
				OTHER_CFLAGS = (
					"-fshort-wchar",
					"-Dismach_o",
					"-DOMNISSDK=6.1",
					"-Wno-comment",
				);
				OTHER_CPLUSPLUSFLAGS = "$(OTHER_CFLAGS)";
				PRODUCT_NAME = bgwidgets;
				RESMERGER_SOURCES_FORK = data;
				REZ_SEARCH_PATHS = (
					/Developer/Headers/FlatCarbon,
					$PROJECT_DIR,
					$PROJECT_DIR/English.lproj,
				);
				SKIP_INSTALL = NO;
				WRAPPER_EXTENSION = u_xcomp;
				ZERO_LINK = NO;
			};
			name = Deployment;
		};
		96CF455F08FBABD1003AA3FE /* Development */ = {
			isa = XCBuildConfiguration;
			buildSettings = {
				ARCHS = i386;
				COPY_PHASE_STRIP = NO;
				DSTROOT = /;
				GCC_WARN_ABOUT_DEPRECATED_FUNCTIONS = NO;
				LIBRARY_STYLE = DYNAMIC;
				MACOSX_DEPLOYMENT_TARGET = 10.6;
				SDKROOT = macosx10.7;
			};
			name = Development;
		};
		96CF456008FBABD1003AA3FE /* Deployment */ = {
			isa = XCBuildConfiguration;
			buildSettings = {
				ARCHS = i386;
				GCC_WARN_ABOUT_DEPRECATED_FUNCTIONS = NO;
				MACOSX_DEPLOYMENT_TARGET = 10.6;
				SDKROOT = macosx10.7;
			};
			name = Deployment;
		};
		96D355F40908DD80006B6436 /* Development */ = {
			isa = XCBuildConfiguration;
			buildSettings = {
				COPY_PHASE_STRIP = NO;
				GCC_GENERATE_DEBUGGING_SYMBOLS = YES;
				OPTIMIZATION_CFLAGS = "-O0";
				OTHER_CFLAGS = "";
				OTHER_LDFLAGS = "";
				OTHER_REZFLAGS = "";
				PRODUCT_NAME = ReleaseBuild;
				SECTORDER_FLAGS = "";
				WARNING_CFLAGS = (
					"-Wmost",
					"-Wno-four-char-constants",
					"-Wno-unknown-pragmas",
				);
			};
			name = Development;
		};
		96D355F50908DD80006B6436 /* Deployment */ = {
			isa = XCBuildConfiguration;
			buildSettings = {
				COPY_PHASE_STRIP = YES;
				GCC_GENERATE_DEBUGGING_SYMBOLS = NO;
				OPTIMIZATION_CFLAGS = "-O0";
				OTHER_CFLAGS = "";
				OTHER_LDFLAGS = "";
				OTHER_REZFLAGS = "";
				PRODUCT_NAME = ReleaseBuild;
				SECTORDER_FLAGS = "";
				WARNING_CFLAGS = (
					"-Wmost",
					"-Wno-four-char-constants",
					"-Wno-unknown-pragmas",
				);
			};
			name = Deployment;
		};
/* End XCBuildConfiguration section */

/* Begin XCConfigurationList section */
		96CA4E5D0907E8CC00C234AA /* Build configuration list for PBXNativeTarget "UnicodeCore" */ = {
			isa = XCConfigurationList;
			buildConfigurations = (
				96CA4E5E0907E8CC00C234AA /* Development */,
				96CA4E5F0907E8CC00C234AA /* Deployment */,
			);
			defaultConfigurationIsVisible = 0;
			defaultConfigurationName = Development;
		};
		96CF455E08FBABD1003AA3FE /* Build configuration list for PBXProject "bgwidgets" */ = {
			isa = XCConfigurationList;
			buildConfigurations = (
				96CF455F08FBABD1003AA3FE /* Development */,
				96CF456008FBABD1003AA3FE /* Deployment */,
			);
			defaultConfigurationIsVisible = 0;
			defaultConfigurationName = Development;
		};
		96D355F30908DD80006B6436 /* Build configuration list for PBXAggregateTarget "ReleaseBuild" */ = {
			isa = XCConfigurationList;
			buildConfigurations = (
				96D355F40908DD80006B6436 /* Development */,
				96D355F50908DD80006B6436 /* Deployment */,
			);
			defaultConfigurationIsVisible = 0;
			defaultConfigurationName = Development;
		};
/* End XCConfigurationList section */
	};
	rootObject = 089C1669FE841209C02AAC07 /* Project object */;
}
