// !$*UTF8*$!
{
	archiveVersion = 1;
	classes = {
	};
	objectVersion = 42;
	objects = {

/* Begin PBXBuildFile section */
		96CA4E550907E8CC00C234AA /* InfoPlist.strings in Resources */ = {isa = PBXBuildFile; fileRef = 089C167DFE841241C02AAC07 /* InfoPlist.strings */; };
		96CA4E5A0907E8CC00C234AA /* Cocoa.framework in Frameworks */ = {isa = PBXBuildFile; fileRef = 08EA7FFBFE8413EDC02AAC07 /* Cocoa.framework */; };
		96CA4E660907EB0700C234AA /* u_complib.framework in Frameworks */ = {isa = PBXBuildFile; fileRef = 96CA4E650907EB0700C234AA /* u_complib.framework */; };
		AC48CBD4209994530019A1E9 /* RadiusRect.cpp in Sources */ = {isa = PBXBuildFile; fileRef = AC48CBD0209994520019A1E9 /* RadiusRect.cpp */; };
		AC48CBD5209994530019A1E9 /* bgwidgets.cpp in Sources */ = {isa = PBXBuildFile; fileRef = AC48CBD1209994520019A1E9 /* bgwidgets.cpp */; };
		AC48CBD6209994530019A1E9 /* donut.cpp in Sources */ = {isa = PBXBuildFile; fileRef = AC48CBD2209994530019A1E9 /* donut.cpp */; };
		AC48CBD7209994530019A1E9 /* polygon.cpp in Sources */ = {isa = PBXBuildFile; fileRef = AC48CBD3209994530019A1E9 /* polygon.cpp */; };
		AC48CBDE209994860019A1E9 /* donut.bmp in Resources */ = {isa = PBXBuildFile; fileRef = AC48CBD8209994860019A1E9 /* donut.bmp */; };
		AC48CBDF209994860019A1E9 /* radiusrect.bmp in Resources */ = {isa = PBXBuildFile; fileRef = AC48CBDA209994860019A1E9 /* radiusrect.bmp */; };
		AC48CBE0209994950019A1E9 /* bgwidgets.rc in Resources */ = {isa = PBXBuildFile; fileRef = AC48CBDC209994860019A1E9 /* bgwidgets.rc */; };
/* End PBXBuildFile section */

/* Begin PBXBuildRule section */
		96CA4E5C0907E8CC00C234AA /* PBXBuildRule */ = {
			isa = PBXBuildRule;
			compilerSpec = com.apple.compilers.proxy.script;
			filePatterns = "*.rc";
			fileType = pattern.proxy;
			isEditable = 1;
			outputFiles = (
				"$(TEMP_FILE_DIR)/omnisrc/Localizable.strings",
			);
			script = "$PROJECT_DIR/../tools/omnisrc64.app/Contents/MacOS/omnisrc64 INPUT_FILE_PATH TEMP_FILE_DIR REZ_SEARCH_PATHS XCOMP\nif [ -f $TEMP_FILE_DIR/omnisrc/Bitmap.strings ]; then\ncp $TEMP_FILE_DIR/omnisrc/Bitmap.strings $INSTALL_DIR/$CONTENTS_FOLDER_PATH/Resources\nfi\nshopt -s nullglob\nif [ ! -z \"`echo $TEMP_FILE_DIR/omnisrc/*.PNG`\" ]; then\ncp $TEMP_FILE_DIR/omnisrc/*.PNG $INSTALL_DIR/$CONTENTS_FOLDER_PATH/Resources\nfi";
		};
/* End PBXBuildRule section */

/* Begin PBXFileReference section */
		089C167EFE841241C02AAC07 /* English */ = {isa = PBXFileReference; fileEncoding = 10; lastKnownFileType = text.plist.strings; name = English; path = English.lproj/InfoPlist.strings; sourceTree = "<group>"; };
		08EA7FFBFE8413EDC02AAC07 /* Cocoa.framework */ = {isa = PBXFileReference; lastKnownFileType = wrapper.framework; name = Cocoa.framework; path = /System/Library/Frameworks/Cocoa.framework; sourceTree = "<absolute>"; };
		96CA4E610907E8CC00C234AA /* bgwidgets.u_xcomp */ = {isa = PBXFileReference; explicitFileType = wrapper.cfbundle; includeInIndex = 0; path = bgwidgets.u_xcomp; sourceTree = BUILT_PRODUCTS_DIR; };
		96CA4E650907EB0700C234AA /* u_complib.framework */ = {isa = PBXFileReference; lastKnownFileType = wrapper.framework; name = u_complib.framework; path = ../complib/u_complib.framework; sourceTree = SOURCE_ROOT; };
		AC48CBCC209994420019A1E9 /* polygon.h */ = {isa = PBXFileReference; fileEncoding = 4; lastKnownFileType = sourcecode.c.h; name = polygon.h; path = src/polygon.h; sourceTree = "<group>"; };
		AC48CBCD209994420019A1E9 /* bgwidgets.h */ = {isa = PBXFileReference; fileEncoding = 4; lastKnownFileType = sourcecode.c.h; name = bgwidgets.h; path = src/bgwidgets.h; sourceTree = "<group>"; };
		AC48CBCE209994420019A1E9 /* RadiusRect.h */ = {isa = PBXFileReference; fileEncoding = 4; lastKnownFileType = sourcecode.c.h; name = RadiusRect.h; path = src/RadiusRect.h; sourceTree = "<group>"; };
		AC48CBCF209994430019A1E9 /* donut.h */ = {isa = PBXFileReference; fileEncoding = 4; lastKnownFileType = sourcecode.c.h; name = donut.h; path = src/donut.h; sourceTree = "<group>"; };
		AC48CBD0209994520019A1E9 /* RadiusRect.cpp */ = {isa = PBXFileReference; fileEncoding = 4; lastKnownFileType = sourcecode.cpp.cpp; name = RadiusRect.cpp; path = src/RadiusRect.cpp; sourceTree = "<group>"; };
		AC48CBD1209994520019A1E9 /* bgwidgets.cpp */ = {isa = PBXFileReference; fileEncoding = 4; lastKnownFileType = sourcecode.cpp.cpp; name = bgwidgets.cpp; path = src/bgwidgets.cpp; sourceTree = "<group>"; };
		AC48CBD2209994530019A1E9 /* donut.cpp */ = {isa = PBXFileReference; fileEncoding = 4; lastKnownFileType = sourcecode.cpp.cpp; name = donut.cpp; path = src/donut.cpp; sourceTree = "<group>"; };
		AC48CBD3209994530019A1E9 /* polygon.cpp */ = {isa = PBXFileReference; fileEncoding = 4; lastKnownFileType = sourcecode.cpp.cpp; name = polygon.cpp; path = src/polygon.cpp; sourceTree = "<group>"; };
		AC48CBD9209994860019A1E9 /* english */ = {isa = PBXFileReference; lastKnownFileType = image.bmp; name = english; path = english.lproj/donut.bmp; sourceTree = "<group>"; };
		AC48CBDB209994860019A1E9 /* english */ = {isa = PBXFileReference; lastKnownFileType = image.bmp; name = english; path = english.lproj/radiusrect.bmp; sourceTree = "<group>"; };
		AC48CBDD209994860019A1E9 /* english */ = {isa = PBXFileReference; explicitFileType = text; name = english; path = english.lproj/bgwidgets.rc; sourceTree = "<group>"; };
/* End PBXFileReference section */

/* Begin PBXFrameworksBuildPhase section */
		96CA4E590907E8CC00C234AA /* Frameworks */ = {
			isa = PBXFrameworksBuildPhase;
			buildActionMask = 2147483647;
			files = (
				96CA4E5A0907E8CC00C234AA /* Cocoa.framework in Frameworks */,
				96CA4E660907EB0700C234AA /* u_complib.framework in Frameworks */,
			);
			runOnlyForDeploymentPostprocessing = 0;
		};
/* End PBXFrameworksBuildPhase section */

/* Begin PBXGroup section */
		089C166AFE841209C02AAC07 /* xrandom */ = {
			isa = PBXGroup;
			children = (
				96D631340905093100E0F291 /* Headers */,
				08FB77ADFE841716C02AAC07 /* Source */,
				089C167CFE841241C02AAC07 /* Resources */,
				089C1671FE841209C02AAC07 /* External Frameworks and Libraries */,
				19C28FB4FE9D528D11CA2CBB /* Products */,
			);
			name = xrandom;
			sourceTree = "<group>";
		};
		089C1671FE841209C02AAC07 /* External Frameworks and Libraries */ = {
			isa = PBXGroup;
			children = (
				96CA4E650907EB0700C234AA /* u_complib.framework */,
				08EA7FFBFE8413EDC02AAC07 /* Cocoa.framework */,
			);
			name = "External Frameworks and Libraries";
			sourceTree = "<group>";
		};
		089C167CFE841241C02AAC07 /* Resources */ = {
			isa = PBXGroup;
			children = (
				AC48CBDC209994860019A1E9 /* bgwidgets.rc */,
				AC48CBD8209994860019A1E9 /* donut.bmp */,
				AC48CBDA209994860019A1E9 /* radiusrect.bmp */,
				089C167DFE841241C02AAC07 /* InfoPlist.strings */,
			);
			name = Resources;
			sourceTree = "<group>";
		};
		08FB77ADFE841716C02AAC07 /* Source */ = {
			isa = PBXGroup;
			children = (
				AC48CBD1209994520019A1E9 /* bgwidgets.cpp */,
				AC48CBD2209994530019A1E9 /* donut.cpp */,
				AC48CBD3209994530019A1E9 /* polygon.cpp */,
				AC48CBD0209994520019A1E9 /* RadiusRect.cpp */,
			);
			name = Source;
			sourceTree = "<group>";
		};
		19C28FB4FE9D528D11CA2CBB /* Products */ = {
			isa = PBXGroup;
			children = (
				96CA4E610907E8CC00C234AA /* bgwidgets.u_xcomp */,
			);
			name = Products;
			sourceTree = "<group>";
		};
		96D631340905093100E0F291 /* Headers */ = {
			isa = PBXGroup;
			children = (
				AC48CBCD209994420019A1E9 /* bgwidgets.h */,
				AC48CBCF209994430019A1E9 /* donut.h */,
				AC48CBCC209994420019A1E9 /* polygon.h */,
				AC48CBCE209994420019A1E9 /* RadiusRect.h */,
			);
			name = Headers;
			sourceTree = "<group>";
		};
/* End PBXGroup section */

/* Begin PBXNativeTarget section */
		96CA4E530907E8CC00C234AA /* UnicodeCore */ = {
			isa = PBXNativeTarget;
			buildConfigurationList = 96CA4E5D0907E8CC00C234AA /* Build configuration list for PBXNativeTarget "UnicodeCore" */;
			buildPhases = (
				96CA4E540907E8CC00C234AA /* Resources */,
				96CA4E570907E8CC00C234AA /* Sources */,
				96CA4E590907E8CC00C234AA /* Frameworks */,
			);
			buildRules = (
				96CA4E5C0907E8CC00C234AA /* PBXBuildRule */,
			);
			dependencies = (
			);
			name = UnicodeCore;
			productInstallPath = "$(HOME)/Library/Bundles";
			productName = xrandom;
			productReference = 96CA4E610907E8CC00C234AA /* bgwidgets.u_xcomp */;
			productType = "com.apple.product-type.bundle";
		};
/* End PBXNativeTarget section */

/* Begin PBXProject section */
		089C1669FE841209C02AAC07 /* Project object */ = {
			isa = PBXProject;
			attributes = {
			};
			buildConfigurationList = 96CF455E08FBABD1003AA3FE /* Build configuration list for PBXProject "bgwidgets_OS81" */;
			compatibilityVersion = "Xcode 2.4";
			developmentRegion = English;
			hasScannedForEncodings = 1;
			knownRegions = (
				English,
				Japanese,
				French,
				German,
				english,
			);
			mainGroup = 089C166AFE841209C02AAC07 /* xrandom */;
			projectDirPath = "";
			projectRoot = "";
			targets = (
				96CA4E530907E8CC00C234AA /* UnicodeCore */,
			);
		};
/* End PBXProject section */

/* Begin PBXResourcesBuildPhase section */
		96CA4E540907E8CC00C234AA /* Resources */ = {
			isa = PBXResourcesBuildPhase;
			buildActionMask = 2147483647;
			files = (
				AC48CBDF209994860019A1E9 /* radiusrect.bmp in Resources */,
				AC48CBDE209994860019A1E9 /* donut.bmp in Resources */,
				96CA4E550907E8CC00C234AA /* InfoPlist.strings in Resources */,
				AC48CBE0209994950019A1E9 /* bgwidgets.rc in Resources */,
			);
			runOnlyForDeploymentPostprocessing = 0;
		};
/* End PBXResourcesBuildPhase section */

/* Begin PBXSourcesBuildPhase section */
		96CA4E570907E8CC00C234AA /* Sources */ = {
			isa = PBXSourcesBuildPhase;
			buildActionMask = 2147483647;
			files = (
				AC48CBD7209994530019A1E9 /* polygon.cpp in Sources */,
				AC48CBD5209994530019A1E9 /* bgwidgets.cpp in Sources */,
				AC48CBD6209994530019A1E9 /* donut.cpp in Sources */,
				AC48CBD4209994530019A1E9 /* RadiusRect.cpp in Sources */,
			);
			runOnlyForDeploymentPostprocessing = 0;
		};
/* End PBXSourcesBuildPhase section */

/* Begin PBXVariantGroup section */
		089C167DFE841241C02AAC07 /* InfoPlist.strings */ = {
			isa = PBXVariantGroup;
			children = (
				089C167EFE841241C02AAC07 /* English */,
			);
			name = InfoPlist.strings;
			sourceTree = "<group>";
		};
		AC48CBD8209994860019A1E9 /* donut.bmp */ = {
			isa = PBXVariantGroup;
			children = (
				AC48CBD9209994860019A1E9 /* english */,
			);
			name = donut.bmp;
			sourceTree = "<group>";
		};
		AC48CBDA209994860019A1E9 /* radiusrect.bmp */ = {
			isa = PBXVariantGroup;
			children = (
				AC48CBDB209994860019A1E9 /* english */,
			);
			name = radiusrect.bmp;
			sourceTree = "<group>";
		};
		AC48CBDC209994860019A1E9 /* bgwidgets.rc */ = {
			isa = PBXVariantGroup;
			children = (
				AC48CBDD209994860019A1E9 /* english */,
			);
			name = bgwidgets.rc;
			sourceTree = "<group>";
		};
/* End PBXVariantGroup section */

/* Begin XCBuildConfiguration section */
		96CA4E5E0907E8CC00C234AA /* Development */ = {
			isa = XCBuildConfiguration;
			buildSettings = {
				ARCHS = "$(ARCHS_STANDARD)";
				BUILD_VARIANTS = normal;
				CLANG_ENABLE_OBJC_ARC = YES;
				COPY_PHASE_STRIP = NO;
				DEPLOYMENT_LOCATION = YES;
				FRAMEWORK_SEARCH_PATHS = "$(SRCROOT)/../complib";
				GCC_DYNAMIC_NO_PIC = NO;
				GCC_ENABLE_FIX_AND_CONTINUE = YES;
				GCC_GENERATE_DEBUGGING_SYMBOLS = YES;
				GCC_OPTIMIZATION_LEVEL = 0;
				GCC_PRECOMPILE_PREFIX_HEADER = NO;
				GCC_PREFIX_HEADER = $PROJECT_DIR/../complib/u_complib.framework/Headers/carbnuni.h;
				GENERATE_PKGINFO_FILE = YES;
				HEADER_SEARCH_PATHS = $PROJECT_DIR/../complib/u_complib.framework/Headers;
				INFOPLIST_FILE = Info.plist;
				INIT_ROUTINE = "";
				INSTALL_PATH = "$(PROJECT_DIR)/../_OSXUnicodeDbg";
				LIBRARY_SEARCH_PATHS = "";
				LIBRARY_STYLE = DYNAMIC;
				MACOSX_DEPLOYMENT_TARGET = 10.9;
				OTHER_CFLAGS = (
					"-fshort-wchar",
					"-Dismach_o",
					"-Wno-comment",
					"-DOMNISSDK=81",
				);
				OTHER_CPLUSPLUSFLAGS = "$(OTHER_CFLAGS)";
				OTHER_LDFLAGS = "";
				PRODUCT_NAME = bgwidgets;
				RESMERGER_SOURCES_FORK = data;
				REZ_SEARCH_PATHS = (
					$PROJECT_DIR,
					$PROJECT_DIR/English.lproj,
				);
				SDKROOT = macosx;
				WRAPPER_EXTENSION = u_xcomp;
				ZERO_LINK = NO;
			};
			name = Development;
		};
		96CA4E5F0907E8CC00C234AA /* Deployment */ = {
			isa = XCBuildConfiguration;
			buildSettings = {
				ARCHS = "$(ARCHS_STANDARD)";
				CLANG_ENABLE_OBJC_ARC = YES;
				COPY_PHASE_STRIP = YES;
				DEPLOYMENT_LOCATION = YES;
				DSTROOT = /;
				FRAMEWORK_SEARCH_PATHS = "$(SRCROOT)/../complib";
				GCC_ENABLE_FIX_AND_CONTINUE = NO;
				GCC_GENERATE_DEBUGGING_SYMBOLS = NO;
				GCC_PRECOMPILE_PREFIX_HEADER = NO;
				GCC_PREFIX_HEADER = $PROJECT_DIR/../complib/u_complib.framework/Headers/carbnuni.h;
				GENERATE_PKGINFO_FILE = YES;
				HEADER_SEARCH_PATHS = $PROJECT_DIR/../complib/u_complib.framework/Headers;
				INFOPLIST_FILE = Info.plist;
				INSTALL_PATH = "$(PROJECT_DIR)/../_OSXUnicode";
				LIBRARY_SEARCH_PATHS = "";
				LIBRARY_STYLE = DYNAMIC;
				MACOSX_DEPLOYMENT_TARGET = 10.9;
				OTHER_CFLAGS = (
					"-fshort-wchar",
					"-Dismach_o",
					"-Wno-comment",
					"-DOMNISSDK=81",
				);
				OTHER_CPLUSPLUSFLAGS = "$(OTHER_CFLAGS)";
				PRIVATE_HEADERS_FOLDER_PATH = "$(CONTENTS_FOLDER_PATH)/PrivateHeaders";
				PRODUCT_NAME = bgwidgets;
				PUBLIC_HEADERS_FOLDER_PATH = "$(CONTENTS_FOLDER_PATH)/Headers";
				RESMERGER_SOURCES_FORK = data;
				REZ_SEARCH_PATHS = (
					$PROJECT_DIR,
					$PROJECT_DIR/English.lproj,
				);
				SDKROOT = macosx;
				SKIP_INSTALL = NO;
				VERSION_INFO_FILE = "$(PRODUCT_NAME)_vers.c";
				WRAPPER_EXTENSION = u_xcomp;
				ZERO_LINK = NO;
			};
			name = Deployment;
		};
		96CF455F08FBABD1003AA3FE /* Development */ = {
			isa = XCBuildConfiguration;
			buildSettings = {
				ARCHS = "$(ARCHS_STANDARD)";
				COPY_PHASE_STRIP = NO;
				DSTROOT = /;
				FRAMEWORK_SEARCH_PATHS = "";
				GCC_INPUT_FILETYPE = sourcecode.cpp.objcpp;
				GCC_WARN_ABOUT_DEPRECATED_FUNCTIONS = NO;
				HEADER_SEARCH_PATHS = "";
				LIBRARY_STYLE = DYNAMIC;
				MACOSX_DEPLOYMENT_TARGET = 10.9;
				OTHER_CFLAGS = "";
				SDKROOT = macosx;
			};
			name = Development;
		};
		96CF456008FBABD1003AA3FE /* Deployment */ = {
			isa = XCBuildConfiguration;
			buildSettings = {
				ARCHS = "$(ARCHS_STANDARD)";
				FRAMEWORK_SEARCH_PATHS = "";
				GCC_INPUT_FILETYPE = sourcecode.cpp.objcpp;
				GCC_WARN_ABOUT_DEPRECATED_FUNCTIONS = NO;
				HEADER_SEARCH_PATHS = "";
				MACOSX_DEPLOYMENT_TARGET = 10.9;
				OTHER_CFLAGS = "";
				SDKROOT = macosx;
			};
			name = Deployment;
		};
/* End XCBuildConfiguration section */

/* Begin XCConfigurationList section */
		96CA4E5D0907E8CC00C234AA /* Build configuration list for PBXNativeTarget "UnicodeCore" */ = {
			isa = XCConfigurationList;
			buildConfigurations = (
				96CA4E5E0907E8CC00C234AA /* Development */,
				96CA4E5F0907E8CC00C234AA /* Deployment */,
			);
			defaultConfigurationIsVisible = 0;
			defaultConfigurationName = Development;
		};
		96CF455E08FBABD1003AA3FE /* Build configuration list for PBXProject "bgwidgets_OS81" */ = {
			isa = XCConfigurationList;
			buildConfigurations = (
				96CF455F08FBABD1003AA3FE /* Development */,
				96CF456008FBABD1003AA3FE /* Deployment */,
			);
			defaultConfigurationIsVisible = 0;
			defaultConfigurationName = Development;
		};
/* End XCConfigurationList section */
	};
	rootObject = 089C1669FE841209C02AAC07 /* Project object */;
}
