// !$*UTF8*$!
{
	archiveVersion = 1;
	classes = {
	};
	objectVersion = 55;
	objects = {

/* Begin PBXBuildFile section */
		304CD2D71CB7F5190096035F /* Cocoa.framework in Frameworks */ = {isa = PBXBuildFile; fileRef = 304CD2D61CB7F5190096035F /* Cocoa.framework */; };
		96CA4E550907E8CC00C234AA /* InfoPlist.strings in Resources */ = {isa = PBXBuildFile; fileRef = 089C167DFE841241C02AAC07 /* InfoPlist.strings */; };
		96CA4E660907EB0700C234AA /* complib.framework in Frameworks */ = {isa = PBXBuildFile; fileRef = 96CA4E650907EB0700C234AA /* complib.framework */; };
		DE1E76922C1A86B40095FAB9 /* bgwidgets.cpp in Sources */ = {isa = PBXBuildFile; fileRef = DE1E768F2C1A86B40095FAB9 /* bgwidgets.cpp */; };
		DEF6E8F62C1AAA310082AE42 /* bgwidgets.rc in Resources */ = {isa = PBXBuildFile; fileRef = DEF6E8F52C1AAA310082AE42 /* bgwidgets.rc */; };
		E32102CC2C97D1B000964546 /* polygon.cpp in Sources */ = {isa = PBXBuildFile; fileRef = E32102C92C97D1AF00964546 /* polygon.cpp */; };
		E32102CD2C97D1B000964546 /* donut.cpp in Sources */ = {isa = PBXBuildFile; fileRef = E32102CA2C97D1AF00964546 /* donut.cpp */; };
		E32102CE2C97D1B000964546 /* RadiusRect.cpp in Sources */ = {isa = PBXBuildFile; fileRef = E32102CB2C97D1B000964546 /* RadiusRect.cpp */; };
/* End PBXBuildFile section */

/* Begin PBXBuildRule section */
		96CA4E5C0907E8CC00C234AA /* PBXBuildRule */ = {
			isa = PBXBuildRule;
			compilerSpec = com.apple.compilers.proxy.script;
			filePatterns = "*.rc";
			fileType = pattern.proxy;
			inputFiles = (
			);
			isEditable = 1;
			outputFiles = (
				$INSTALL_PATH/$CONTENTS_FOLDER_PATH/Resources/en.lproj/Localizable.strings,
			);
			script = "# Check for omnisrc:\nif [ ! -d $OMNISRC_DIR/omnisrc64.app ]; then\n  echo \"error: omnisrc64 is missing\"\n  exit 1\nfi\n\nRES_OUT=\"$INSTALL_PATH/$CONTENTS_FOLDER_PATH/Resources\"\nmkdir -p \"$RES_OUT/en.lproj\"\n\n$OMNISRC_DIR/omnisrc64.app/Contents/MacOS/omnisrc64 INPUT_FILE_PATH TEMP_FILE_DIR REZ_SEARCH_PATHS XCOMP\n\nif [ -f $TEMP_FILE_DIR/omnisrc/Bitmap.strings ]; then\n    cp $TEMP_FILE_DIR/omnisrc/Bitmap.strings \"$RES_OUT\"\nfi\nshopt -s nullglob\nif [ ! -z \"`echo $TEMP_FILE_DIR/omnisrc/*.PNG`\" ]; then\n    cp $TEMP_FILE_DIR/omnisrc/*.PNG \"$RES_OUT\"\nfi\n\ncp -R $TEMP_FILE_DIR/omnisrc/Localizable.strings \"$RES_OUT/en.lproj/\"\n";
		};
/* End PBXBuildRule section */

/* Begin PBXFileReference section */
		089C167EFE841241C02AAC07 /* en */ = {isa = PBXFileReference; fileEncoding = 4; lastKnownFileType = text.plist.strings; name = en; path = en.lproj/InfoPlist.strings; sourceTree = "<group>"; };
		304CD2D61CB7F5190096035F /* Cocoa.framework */ = {isa = PBXFileReference; lastKnownFileType = wrapper.framework; name = Cocoa.framework; path = System/Library/Frameworks/Cocoa.framework; sourceTree = DEVELOPER_DIR; };
		62173718279B1A2D008C41A4 /* mac/omnis.xcconfig */ = {isa = PBXFileReference; fileEncoding = 4; lastKnownFileType = text.xcconfig; path = mac/omnis.xcconfig; sourceTree = "<group>"; };
		96CA4E650907EB0700C234AA /* complib.framework */ = {isa = PBXFileReference; lastKnownFileType = wrapper.framework; name = complib.framework; path = thirdparty/omnis.sdk/mac/complib/complib.framework; sourceTree = SOURCE_ROOT; };
		DDD258BC092896A5006B6BC3 /* bgwidgets.u_xcomp */ = {isa = PBXFileReference; explicitFileType = wrapper.cfbundle; includeInIndex = 0; path = bgwidgets.u_xcomp; sourceTree = BUILT_PRODUCTS_DIR; };
		DE1E768E2C1A86A00095FAB9 /* bgwidgets.h */ = {isa = PBXFileReference; fileEncoding = 4; lastKnownFileType = sourcecode.c.h; name = bgwidgets.h; path = Src/bgwidgets.h; sourceTree = "<group>"; };
		DE1E768F2C1A86B40095FAB9 /* bgwidgets.cpp */ = {isa = PBXFileReference; fileEncoding = 4; lastKnownFileType = sourcecode.cpp.cpp; name = bgwidgets.cpp; path = Src/bgwidgets.cpp; sourceTree = "<group>"; };
		DEF6E8F52C1AAA310082AE42 /* bgwidgets.rc */ = {isa = PBXFileReference; fileEncoding = 4; lastKnownFileType = text; name = bgwidgets.rc; path = resources/bgwidgets.rc; sourceTree = "<group>"; };
		E32102C62C97D18500964546 /* donut.h */ = {isa = PBXFileReference; lastKnownFileType = sourcecode.c.h; name = donut.h; path = src/donut.h; sourceTree = "<group>"; };
		E32102C72C97D19A00964546 /* polygon.h */ = {isa = PBXFileReference; lastKnownFileType = sourcecode.c.h; name = polygon.h; path = src/polygon.h; sourceTree = "<group>"; };
		E32102C82C97D1A300964546 /* RadiusRect.h */ = {isa = PBXFileReference; lastKnownFileType = sourcecode.c.h; name = RadiusRect.h; path = src/RadiusRect.h; sourceTree = "<group>"; };
		E32102C92C97D1AF00964546 /* polygon.cpp */ = {isa = PBXFileReference; fileEncoding = 4; lastKnownFileType = sourcecode.cpp.cpp; name = polygon.cpp; path = src/polygon.cpp; sourceTree = "<group>"; };
		E32102CA2C97D1AF00964546 /* donut.cpp */ = {isa = PBXFileReference; fileEncoding = 4; lastKnownFileType = sourcecode.cpp.cpp; name = donut.cpp; path = src/donut.cpp; sourceTree = "<group>"; };
		E32102CB2C97D1B000964546 /* RadiusRect.cpp */ = {isa = PBXFileReference; fileEncoding = 4; lastKnownFileType = sourcecode.cpp.cpp; name = RadiusRect.cpp; path = src/RadiusRect.cpp; sourceTree = "<group>"; };
/* End PBXFileReference section */

/* Begin PBXFrameworksBuildPhase section */
		96CA4E590907E8CC00C234AA /* Frameworks */ = {
			isa = PBXFrameworksBuildPhase;
			buildActionMask = 2147483647;
			files = (
				304CD2D71CB7F5190096035F /* Cocoa.framework in Frameworks */,
				96CA4E660907EB0700C234AA /* complib.framework in Frameworks */,
			);
			runOnlyForDeploymentPostprocessing = 0;
		};
/* End PBXFrameworksBuildPhase section */

/* Begin PBXGroup section */
		089C166AFE841209C02AAC07 /* bgwidgets */ = {
			isa = PBXGroup;
			children = (
				62173718279B1A2D008C41A4 /* mac/omnis.xcconfig */,
				96D631340905093100E0F291 /* Headers */,
				08FB77ADFE841716C02AAC07 /* Source */,
				089C167CFE841241C02AAC07 /* Resources */,
				089C1671FE841209C02AAC07 /* External Frameworks and Libraries */,
				19C28FB4FE9D528D11CA2CBB /* Products */,
			);
			name = bgwidgets;
			sourceTree = "<group>";
		};
		089C1671FE841209C02AAC07 /* External Frameworks and Libraries */ = {
			isa = PBXGroup;
			children = (
				304CD2D61CB7F5190096035F /* Cocoa.framework */,
				96CA4E650907EB0700C234AA /* complib.framework */,
			);
			name = "External Frameworks and Libraries";
			sourceTree = "<group>";
		};
		089C167CFE841241C02AAC07 /* Resources */ = {
			isa = PBXGroup;
			children = (
				DEF6E8F52C1AAA310082AE42 /* bgwidgets.rc */,
				089C167DFE841241C02AAC07 /* InfoPlist.strings */,
			);
			name = Resources;
			sourceTree = "<group>";
		};
		08FB77ADFE841716C02AAC07 /* Source */ = {
			isa = PBXGroup;
			children = (
				E32102CA2C97D1AF00964546 /* donut.cpp */,
				E32102C92C97D1AF00964546 /* polygon.cpp */,
				E32102CB2C97D1B000964546 /* RadiusRect.cpp */,
				DE1E768F2C1A86B40095FAB9 /* bgwidgets.cpp */,
			);
			name = Source;
			sourceTree = "<group>";
		};
		19C28FB4FE9D528D11CA2CBB /* Products */ = {
			isa = PBXGroup;
			children = (
				DDD258BC092896A5006B6BC3 /* bgwidgets.u_xcomp */,
			);
			name = Products;
			sourceTree = "<group>";
		};
		96D631340905093100E0F291 /* Headers */ = {
			isa = PBXGroup;
			children = (
				E32102C62C97D18500964546 /* donut.h */,
				E32102C72C97D19A00964546 /* polygon.h */,
				E32102C82C97D1A300964546 /* RadiusRect.h */,
				DE1E768E2C1A86A00095FAB9 /* bgwidgets.h */,
			);
			name = Headers;
			sourceTree = "<group>";
		};
/* End PBXGroup section */

/* Begin PBXNativeTarget section */
		96CA4E530907E8CC00C234AA /* XCOMP */ = {
			isa = PBXNativeTarget;
			buildConfigurationList = 96CA4E5D0907E8CC00C234AA /* Build configuration list for PBXNativeTarget "XCOMP" */;
			buildPhases = (
				96CA4E570907E8CC00C234AA /* Sources */,
				96CA4E590907E8CC00C234AA /* Frameworks */,
				96CA4E540907E8CC00C234AA /* Resources */,
			);
			buildRules = (
				96CA4E5C0907E8CC00C234AA /* PBXBuildRule */,
			);
			dependencies = (
			);
			name = XCOMP;
			productInstallPath = "$(HOME)/Library/Bundles";
			productName = bgwidgets;
			productReference = DDD258BC092896A5006B6BC3 /* bgwidgets.u_xcomp */;
			productType = "com.apple.product-type.bundle";
		};
/* End PBXNativeTarget section */

/* Begin PBXProject section */
		089C1669FE841209C02AAC07 /* Project object */ = {
			isa = PBXProject;
			attributes = {
				LastUpgradeCheck = 1420;
			};
			buildConfigurationList = 96CF455E08FBABD1003AA3FE /* Build configuration list for PBXProject "bgwidgets" */;
			compatibilityVersion = "Xcode 13.0";
			developmentRegion = en;
			hasScannedForEncodings = 1;
			knownRegions = (
				en,
				Base,
				English,
			);
			mainGroup = 089C166AFE841209C02AAC07 /* bgwidgets */;
			projectDirPath = "";
			projectRoot = "";
			targets = (
				96CA4E530907E8CC00C234AA /* XCOMP */,
			);
		};
/* End PBXProject section */

/* Begin PBXResourcesBuildPhase section */
		96CA4E540907E8CC00C234AA /* Resources */ = {
			isa = PBXResourcesBuildPhase;
			buildActionMask = 2147483647;
			files = (
				96CA4E550907E8CC00C234AA /* InfoPlist.strings in Resources */,
				DEF6E8F62C1AAA310082AE42 /* bgwidgets.rc in Resources */,
			);
			runOnlyForDeploymentPostprocessing = 0;
		};
/* End PBXResourcesBuildPhase section */

/* Begin PBXSourcesBuildPhase section */
		96CA4E570907E8CC00C234AA /* Sources */ = {
			isa = PBXSourcesBuildPhase;
			buildActionMask = 2147483647;
			files = (
				E32102CC2C97D1B000964546 /* polygon.cpp in Sources */,
				DE1E76922C1A86B40095FAB9 /* bgwidgets.cpp in Sources */,
				E32102CD2C97D1B000964546 /* donut.cpp in Sources */,
				E32102CE2C97D1B000964546 /* RadiusRect.cpp in Sources */,
			);
			runOnlyForDeploymentPostprocessing = 0;
		};
/* End PBXSourcesBuildPhase section */

/* Begin PBXVariantGroup section */
		089C167DFE841241C02AAC07 /* InfoPlist.strings */ = {
			isa = PBXVariantGroup;
			children = (
				089C167EFE841241C02AAC07 /* en */,
			);
			name = InfoPlist.strings;
			sourceTree = "<group>";
		};
/* End PBXVariantGroup section */

/* Begin XCBuildConfiguration section */
		96CA4E5E0907E8CC00C234AA /* Development */ = {
			isa = XCBuildConfiguration;
			baseConfigurationReference = 62173718279B1A2D008C41A4 /* mac/omnis.xcconfig */;
			buildSettings = {
				ALWAYS_SEARCH_USER_PATHS = NO;
				BUILD_VARIANTS = normal;
				CLANG_CXX_LANGUAGE_STANDARD = $CPP_LANG_DIALECT;
				CLANG_CXX_LIBRARY = $CPP_STD_LIBRARY;
				CLANG_ENABLE_OBJC_ARC = YES;
				CLANG_ENABLE_OBJC_WEAK = NO;
				CLANG_WARN_QUOTED_INCLUDE_IN_FRAMEWORK_HEADER = NO;
				CODE_SIGN_IDENTITY = $OMNIS_CODE_SIGNING_IDENTITY;
				CODE_SIGN_INJECT_BASE_ENTITLEMENTS = NO;
				CODE_SIGN_STYLE = Manual;
				COPY_PHASE_STRIP = NO;
				DEPLOYMENT_LOCATION = YES;
				FRAMEWORK_SEARCH_PATHS = $OMNIS_XCOMP_FRAMEWORK_PATH;
				GCC_C_LANGUAGE_STANDARD = gnu99;
				GCC_DYNAMIC_NO_PIC = NO;
				GCC_GENERATE_DEBUGGING_SYMBOLS = YES;
				GCC_INPUT_FILETYPE = sourcecode.cpp.objcpp;
				GCC_OPTIMIZATION_LEVEL = 0;
				GCC_PRECOMPILE_PREFIX_HEADER = NO;
				GCC_PREFIX_HEADER = "$(PROJECT_DIR)/mac/prefix_d.h";
				GCC_WARN_64_TO_32_BIT_CONVERSION = "$(CLANG_WARN_SUSPICIOUS_IMPLICIT_CONVERSION)";
				GENERATE_PKGINFO_FILE = YES;
				HEADER_SEARCH_PATHS = $OMNIS_XCOMP_HEADER_PATHS;
				INFOPLIST_FILE = $PROJECT_DIR/Info.plist;
				INIT_ROUTINE = "";
				INSTALL_PATH = $OMNIS_XCOMP_INSTALL_DIR;
				LIBRARY_STYLE = DYNAMIC;
				MACOSX_DEPLOYMENT_TARGET = $OMNIS_DEPLOYMENT_TARGET;
				ONLY_ACTIVE_ARCH = $OMNIS_ACTIVE_ARCH_ONLY;
				OTHER_CFLAGS = "$(OMNIS_C_FLAGS)";
				OTHER_CPLUSPLUSFLAGS = (
					"$(OTHER_CFLAGS)",
					"-fshort-wchar",
					"-Dismach_o",
					"-Wno-comment",
					"-Wno-switch",
				);
				OTHER_LDFLAGS = "";
				PRODUCT_BUNDLE_IDENTIFIER = $XCOMP_BUNDLE_IDENTIFIER;
				PRODUCT_NAME = $XCOMP_PRODUCT_NAME;
				RESMERGER_SOURCES_FORK = data;
				REZ_SEARCH_PATHS = (
					$PROJECT_DIR,
					$PROJECT_DIR/en.lproj,
					$OMNIS_XCOMP_REZ_PATHS,
				);
				SDKROOT = $OMNIS_SDK_ROOT;
				WRAPPER_EXTENSION = u_xcomp;
				ZERO_LINK = NO;
			};
			name = Development;
		};
		96CA4E5F0907E8CC00C234AA /* Deployment */ = {
			isa = XCBuildConfiguration;
			baseConfigurationReference = 62173718279B1A2D008C41A4 /* mac/omnis.xcconfig */;
			buildSettings = {
				ALWAYS_SEARCH_USER_PATHS = NO;
				CLANG_CXX_LANGUAGE_STANDARD = $CPP_LANG_DIALECT;
				CLANG_CXX_LIBRARY = $CPP_STD_LIBRARY;
				CLANG_ENABLE_OBJC_ARC = YES;
				CLANG_ENABLE_OBJC_WEAK = NO;
				CLANG_WARN_BOOL_CONVERSION = "$(CLANG_WARN_SUSPICIOUS_IMPLICIT_CONVERSION)";
				CLANG_WARN_CONSTANT_CONVERSION = "$(CLANG_WARN_SUSPICIOUS_IMPLICIT_CONVERSION)";
				CLANG_WARN_ENUM_CONVERSION = "$(CLANG_WARN_SUSPICIOUS_IMPLICIT_CONVERSION)";
				CLANG_WARN_INT_CONVERSION = "$(CLANG_WARN_SUSPICIOUS_IMPLICIT_CONVERSION)";
				CLANG_WARN_QUOTED_INCLUDE_IN_FRAMEWORK_HEADER = NO;
				CODE_SIGN_IDENTITY = $OMNIS_CODE_SIGNING_IDENTITY;
				CODE_SIGN_INJECT_BASE_ENTITLEMENTS = NO;
				CODE_SIGN_STYLE = Manual;
				COPY_PHASE_STRIP = NO;
				DEBUG_INFORMATION_FORMAT = "dwarf-with-dsym";
				DEPLOYMENT_LOCATION = YES;
				DWARF_DSYM_FOLDER_PATH = $DWARF_DSYM_FOLDER_PATH_PREFIX/$OMNIS_XCOMP_DIR;
				FRAMEWORK_SEARCH_PATHS = $OMNIS_XCOMP_FRAMEWORK_PATH;
				GCC_C_LANGUAGE_STANDARD = gnu99;
				GCC_GENERATE_DEBUGGING_SYMBOLS = YES;
				GCC_INPUT_FILETYPE = sourcecode.cpp.objcpp;
				GCC_OPTIMIZATION_LEVEL = 0;
				GCC_PRECOMPILE_PREFIX_HEADER = NO;
				GCC_PREFIX_HEADER = "$(PROJECT_DIR)/mac/prefix_r.h";
				GCC_WARN_64_TO_32_BIT_CONVERSION = "$(CLANG_WARN_SUSPICIOUS_IMPLICIT_CONVERSION)";
				GENERATE_PKGINFO_FILE = YES;
				HEADER_SEARCH_PATHS = $OMNIS_XCOMP_HEADER_PATHS;
				INFOPLIST_FILE = $PROJECT_DIR/Info.plist;
				INSTALL_PATH = $OMNIS_XCOMP_INSTALL_DIR;
				LIBRARY_STYLE = DYNAMIC;
				MACOSX_DEPLOYMENT_TARGET = $OMNIS_DEPLOYMENT_TARGET;
				ONLY_ACTIVE_ARCH = $OMNIS_ACTIVE_ARCH_ONLY;
				OTHER_CFLAGS = "$(OMNIS_C_FLAGS)";
				OTHER_CPLUSPLUSFLAGS = (
					"$(OTHER_CFLAGS)",
					"-fshort-wchar",
					"-Dismach_o",
					"-Wno-comment",
					"-Wno-switch",
				);
				PRODUCT_BUNDLE_IDENTIFIER = $XCOMP_BUNDLE_IDENTIFIER;
				PRODUCT_NAME = $XCOMP_PRODUCT_NAME;
				RESMERGER_SOURCES_FORK = data;
				REZ_SEARCH_PATHS = (
					$PROJECT_DIR,
					$PROJECT_DIR/en.lproj,
					$OMNIS_XCOMP_REZ_PATHS,
				);
				SDKROOT = $OMNIS_SDK_ROOT;
				SKIP_INSTALL = NO;
				WRAPPER_EXTENSION = u_xcomp;
				ZERO_LINK = NO;
			};
			name = Deployment;
		};
		96CF455F08FBABD1003AA3FE /* Development */ = {
			isa = XCBuildConfiguration;
			buildSettings = {
				CLANG_ANALYZER_LOCALIZABILITY_NONLOCALIZED = YES;
				CLANG_CXX_LANGUAGE_STANDARD = $CPP_LANG_DIALECT;
				CLANG_CXX_LIBRARY = $CPP_STD_LIBRARY;
				CLANG_WARN_BLOCK_CAPTURE_AUTORELEASING = YES;
				CLANG_WARN_BOOL_CONVERSION = "$(CLANG_WARN_SUSPICIOUS_IMPLICIT_CONVERSION)";
				CLANG_WARN_COMMA = YES;
				CLANG_WARN_CONSTANT_CONVERSION = "$(CLANG_WARN_SUSPICIOUS_IMPLICIT_CONVERSION)";
				CLANG_WARN_DEPRECATED_OBJC_IMPLEMENTATIONS = YES;
				CLANG_WARN_EMPTY_BODY = YES;
				CLANG_WARN_ENUM_CONVERSION = "$(CLANG_WARN_SUSPICIOUS_IMPLICIT_CONVERSION)";
				CLANG_WARN_INFINITE_RECURSION = YES;
				CLANG_WARN_INT_CONVERSION = "$(CLANG_WARN_SUSPICIOUS_IMPLICIT_CONVERSION)";
				CLANG_WARN_NON_LITERAL_NULL_CONVERSION = YES;
				CLANG_WARN_OBJC_IMPLICIT_RETAIN_SELF = YES;
				CLANG_WARN_OBJC_LITERAL_CONVERSION = YES;
				CLANG_WARN_QUOTED_INCLUDE_IN_FRAMEWORK_HEADER = YES;
				CLANG_WARN_RANGE_LOOP_ANALYSIS = YES;
				CLANG_WARN_STRICT_PROTOTYPES = YES;
				CLANG_WARN_SUSPICIOUS_MOVE = YES;
				CLANG_WARN_UNREACHABLE_CODE = YES;
				CLANG_WARN__DUPLICATE_METHOD_MATCH = YES;
				COPY_PHASE_STRIP = NO;
				ENABLE_STRICT_OBJC_MSGSEND = YES;
				ENABLE_TESTABILITY = YES;
				GCC_NO_COMMON_BLOCKS = YES;
				GCC_WARN_64_TO_32_BIT_CONVERSION = NO;
				GCC_WARN_ABOUT_DEPRECATED_FUNCTIONS = NO;
				GCC_WARN_ABOUT_RETURN_TYPE = YES;
				GCC_WARN_UNDECLARED_SELECTOR = YES;
				GCC_WARN_UNINITIALIZED_AUTOS = YES;
				GCC_WARN_UNUSED_FUNCTION = YES;
				GCC_WARN_UNUSED_VARIABLE = YES;
				LIBRARY_STYLE = DYNAMIC;
				MACOSX_DEPLOYMENT_TARGET = 10.11;
				ONLY_ACTIVE_ARCH = YES;
				SDKROOT = $OMNIS_SDK_ROOT;
			};
			name = Development;
		};
		96CF456008FBABD1003AA3FE /* Deployment */ = {
			isa = XCBuildConfiguration;
			buildSettings = {
				CLANG_ANALYZER_LOCALIZABILITY_NONLOCALIZED = YES;
				CLANG_CXX_LANGUAGE_STANDARD = $CPP_LANG_DIALECT;
				CLANG_CXX_LIBRARY = $CPP_STD_LIBRARY;
				CLANG_WARN_BLOCK_CAPTURE_AUTORELEASING = YES;
				CLANG_WARN_BOOL_CONVERSION = "$(CLANG_WARN_SUSPICIOUS_IMPLICIT_CONVERSION)";
				CLANG_WARN_COMMA = YES;
				CLANG_WARN_CONSTANT_CONVERSION = "$(CLANG_WARN_SUSPICIOUS_IMPLICIT_CONVERSION)";
				CLANG_WARN_DEPRECATED_OBJC_IMPLEMENTATIONS = YES;
				CLANG_WARN_EMPTY_BODY = YES;
				CLANG_WARN_ENUM_CONVERSION = "$(CLANG_WARN_SUSPICIOUS_IMPLICIT_CONVERSION)";
				CLANG_WARN_INFINITE_RECURSION = YES;
				CLANG_WARN_INT_CONVERSION = "$(CLANG_WARN_SUSPICIOUS_IMPLICIT_CONVERSION)";
				CLANG_WARN_NON_LITERAL_NULL_CONVERSION = YES;
				CLANG_WARN_OBJC_IMPLICIT_RETAIN_SELF = YES;
				CLANG_WARN_OBJC_LITERAL_CONVERSION = YES;
				CLANG_WARN_QUOTED_INCLUDE_IN_FRAMEWORK_HEADER = YES;
				CLANG_WARN_RANGE_LOOP_ANALYSIS = YES;
				CLANG_WARN_STRICT_PROTOTYPES = YES;
				CLANG_WARN_SUSPICIOUS_MOVE = YES;
				CLANG_WARN_UNREACHABLE_CODE = YES;
				CLANG_WARN__DUPLICATE_METHOD_MATCH = YES;
				ENABLE_STRICT_OBJC_MSGSEND = YES;
				GCC_NO_COMMON_BLOCKS = YES;
				GCC_WARN_64_TO_32_BIT_CONVERSION = NO;
				GCC_WARN_ABOUT_DEPRECATED_FUNCTIONS = NO;
				GCC_WARN_ABOUT_RETURN_TYPE = YES;
				GCC_WARN_UNDECLARED_SELECTOR = YES;
				GCC_WARN_UNINITIALIZED_AUTOS = YES;
				GCC_WARN_UNUSED_FUNCTION = YES;
				GCC_WARN_UNUSED_VARIABLE = YES;
				MACOSX_DEPLOYMENT_TARGET = 10.11;
				SDKROOT = $OMNIS_SDK_ROOT;
			};
			name = Deployment;
		};
/* End XCBuildConfiguration section */

/* Begin XCConfigurationList section */
		96CA4E5D0907E8CC00C234AA /* Build configuration list for PBXNativeTarget "XCOMP" */ = {
			isa = XCConfigurationList;
			buildConfigurations = (
				96CA4E5E0907E8CC00C234AA /* Development */,
				96CA4E5F0907E8CC00C234AA /* Deployment */,
			);
			defaultConfigurationIsVisible = 0;
			defaultConfigurationName = Deployment;
		};
		96CF455E08FBABD1003AA3FE /* Build configuration list for PBXProject "bgwidgets" */ = {
			isa = XCConfigurationList;
			buildConfigurations = (
				96CF455F08FBABD1003AA3FE /* Development */,
				96CF456008FBABD1003AA3FE /* Deployment */,
			);
			defaultConfigurationIsVisible = 0;
			defaultConfigurationName = Deployment;
		};
/* End XCConfigurationList section */
	};
	rootObject = 089C1669FE841209C02AAC07 /* Project object */;
}
